{
  "originHash" : "daa63b23f04521a775a7d723d7d7bec4e3ea8942b7e64c70ae21b67f60b57581",
  "pins" : [
    {
      "identity" : "instachat-mobile-sdk",
      "kind" : "remoteSourceControl",
      "location" : "https://github.com/MostafaEl-Sayed/instachat-mobile-sdk.git",
      "state" : {
        "revision" : "45bd433d90ea2eff6d341bb53c70059b92711d76",
        "version" : "0.1.24"
      }
    }
  ],
  "version" : 3
}
