{
  "originHash" : "daa63b23f04521a775a7d723d7d7bec4e3ea8942b7e64c70ae21b67f60b57581",
  "pins" : [
    {
      "identity" : "instachat-mobile-sdk",
      "kind" : "remoteSourceControl",
      "location" : "https://github.com/MostafaEl-Sayed/instachat-mobile-sdk.git",
      "state" : {
        "revision" : "9659807ef072f29d98abbe8d7eadc3292df58532",
        "version" : "0.2.12"
      }
    },
    {
      "identity" : "ios-maps-sdk",
      "kind" : "remoteSourceControl",
      "location" : "https://github.com/googlemaps/ios-maps-sdk",
      "state" : {
        "revision" : "02f8f144ef266da44d50a68d1562ca051bac27cc",
        "version" : "9.4.0"
      }
    }
  ],
  "version" : 3
}
