// !$*UTF8*$!
{
	archiveVersion = 1;
	classes = {
	};
	objectVersion = 77;
	objects = {

/* Begin PBXBuildFile section */
		1125EFC01F1DE8BD98EC1ABE /* DemoCredentials.swift in Sources */ = {isa = PBXBuildFile; fileRef = C61DBD3CCB4F0ADC1E57EEEF /* DemoCredentials.swift */; };
		3D24727E55F7975EC3432FC1 /* chatTestApp.swift in Sources */ = {isa = PBXBuildFile; fileRef = 0778031F396090B414205393 /* chatTestApp.swift */; };
		BFCB22EBEDB2599180263985 /* HomeView.swift in Sources */ = {isa = PBXBuildFile; fileRef = D7B928DCD7A8031B8DB63A5C /* HomeView.swift */; };
		C651617A48C3BEBB1CF405AB /* InstaChatIOS in Frameworks */ = {isa = PBXBuildFile; productRef = 38ED75B0235964F33D158873 /* InstaChatIOS */; };
/* End PBXBuildFile section */

/* Begin PBXFileReference section */
		0778031F396090B414205393 /* chatTestApp.swift */ = {isa = PBXFileReference; lastKnownFileType = sourcecode.swift; path = chatTestApp.swift; sourceTree = "<group>"; };
		7A1DCE7886F9F3CDEAEAE355 /* chatTest.app */ = {isa = PBXFileReference; includeInIndex = 0; lastKnownFileType = wrapper.application; path = chatTest.app; sourceTree = BUILT_PRODUCTS_DIR; };
		C61DBD3CCB4F0ADC1E57EEEF /* DemoCredentials.swift */ = {isa = PBXFileReference; lastKnownFileType = sourcecode.swift; path = DemoCredentials.swift; sourceTree = "<group>"; };
		D7B928DCD7A8031B8DB63A5C /* HomeView.swift */ = {isa = PBXFileReference; lastKnownFileType = sourcecode.swift; path = HomeView.swift; sourceTree = "<group>"; };
/* End PBXFileReference section */

/* Begin PBXFrameworksBuildPhase section */
		F0D72E6F698216D07B6652A4 /* Frameworks */ = {
			isa = PBXFrameworksBuildPhase;
			buildActionMask = 2147483647;
			files = (
				C651617A48C3BEBB1CF405AB /* InstaChatIOS in Frameworks */,
			);
			runOnlyForDeploymentPostprocessing = 0;
		};
/* End PBXFrameworksBuildPhase section */

/* Begin PBXGroup section */
		873D8FF868C106D5A330A942 /* Sources */ = {
			isa = PBXGroup;
			children = (
				0778031F396090B414205393 /* chatTestApp.swift */,
				C61DBD3CCB4F0ADC1E57EEEF /* DemoCredentials.swift */,
				D7B928DCD7A8031B8DB63A5C /* HomeView.swift */,
			);
			name = Sources;
			path = chatTest/Sources;
			sourceTree = "<group>";
		};
		C7C377179874CF2436C7A11C /* Products */ = {
			isa = PBXGroup;
			children = (
				7A1DCE7886F9F3CDEAEAE355 /* chatTest.app */,
			);
			name = Products;
			sourceTree = "<group>";
		};
		E34C5CF7FC6470CEE2F366F9 = {
			isa = PBXGroup;
			children = (
				873D8FF868C106D5A330A942 /* Sources */,
				C7C377179874CF2436C7A11C /* Products */,
			);
			sourceTree = "<group>";
		};
/* End PBXGroup section */

/* Begin PBXNativeTarget section */
		91ED10FC1F36E0F8E690B666 /* chatTest */ = {
			isa = PBXNativeTarget;
			buildConfigurationList = 3DA59AA8A97A18FA725FE243 /* Build configuration list for PBXNativeTarget "chatTest" */;
			buildPhases = (
				484FDCC4BE3A44E37E26D728 /* Sources */,
				F0D72E6F698216D07B6652A4 /* Frameworks */,
			);
			buildRules = (
			);
			dependencies = (
			);
			name = chatTest;
			packageProductDependencies = (
				38ED75B0235964F33D158873 /* InstaChatIOS */,
			);
			productName = chatTest;
			productReference = 7A1DCE7886F9F3CDEAEAE355 /* chatTest.app */;
			productType = "com.apple.product-type.application";
		};
/* End PBXNativeTarget section */

/* Begin PBXProject section */
		19DAEDCA3B062F07E808B916 /* Project object */ = {
			isa = PBXProject;
			attributes = {
				BuildIndependentTargetsInParallel = YES;
				LastUpgradeCheck = 1430;
				TargetAttributes = {
					91ED10FC1F36E0F8E690B666 = {
						DevelopmentTeam = "";
					};
				};
			};
			buildConfigurationList = C17368CC4D87541C85B4AA2D /* Build configuration list for PBXProject "chatTest" */;
			compatibilityVersion = "Xcode 14.0";
			developmentRegion = en;
			hasScannedForEncodings = 0;
			knownRegions = (
				Base,
				en,
			);
			mainGroup = E34C5CF7FC6470CEE2F366F9;
			minimizedProjectReferenceProxies = 1;
			packageReferences = (
				1B69B9B55B10C1C0E6AAF7E0 /* XCRemoteSwiftPackageReference "instachat-mobile-sdk" */,
			);
			preferredProjectObjectVersion = 77;
			projectDirPath = "";
			projectRoot = "";
			targets = (
				91ED10FC1F36E0F8E690B666 /* chatTest */,
			);
		};
/* End PBXProject section */

/* Begin PBXSourcesBuildPhase section */
		484FDCC4BE3A44E37E26D728 /* Sources */ = {
			isa = PBXSourcesBuildPhase;
			buildActionMask = 2147483647;
			files = (
				1125EFC01F1DE8BD98EC1ABE /* DemoCredentials.swift in Sources */,
				BFCB22EBEDB2599180263985 /* HomeView.swift in Sources */,
				3D24727E55F7975EC3432FC1 /* chatTestApp.swift in Sources */,
			);
			runOnlyForDeploymentPostprocessing = 0;
		};
/* End PBXSourcesBuildPhase section */

/* Begin XCBuildConfiguration section */
		5CF1A78D8E234365281F416A /* Debug */ = {
			isa = XCBuildConfiguration;
			buildSettings = {
				ASSETCATALOG_COMPILER_APPICON_NAME = AppIcon;
				CODE_SIGN_IDENTITY = "iPhone Developer";
				DEVELOPMENT_TEAM = "";
				INFOPLIST_FILE = chatTest/Resources/Info.plist;
				IPHONEOS_DEPLOYMENT_TARGET = 16.0;
				LD_RUNPATH_SEARCH_PATHS = (
					"$(inherited)",
					"@executable_path/Frameworks",
				);
				PRODUCT_BUNDLE_IDENTIFIER = com.instakit.chatTest;
				PRODUCT_NAME = chatTest;
				SDKROOT = iphoneos;
				SWIFT_VERSION = 5.9;
				TARGETED_DEVICE_FAMILY = 1;
			};
			name = Debug;
		};
		65EFBFFF12071C0DBB69C536 /* Debug */ = {
			isa = XCBuildConfiguration;
			buildSettings = {
				ALWAYS_SEARCH_USER_PATHS = NO;
				CLANG_ANALYZER_NONNULL = YES;
				CLANG_ANALYZER_NUMBER_OBJECT_CONVERSION = YES_AGGRESSIVE;
				CLANG_CXX_LANGUAGE_STANDARD = "gnu++14";
				CLANG_CXX_LIBRARY = "libc++";
				CLANG_ENABLE_MODULES = YES;
				CLANG_ENABLE_OBJC_ARC = YES;
				CLANG_ENABLE_OBJC_WEAK = YES;
				CLANG_WARN_BLOCK_CAPTURE_AUTORELEASING = YES;
				CLANG_WARN_BOOL_CONVERSION = YES;
				CLANG_WARN_COMMA = YES;
				CLANG_WARN_CONSTANT_CONVERSION = YES;
				CLANG_WARN_DEPRECATED_OBJC_IMPLEMENTATIONS = YES;
				CLANG_WARN_DIRECT_OBJC_ISA_USAGE = YES_ERROR;
				CLANG_WARN_DOCUMENTATION_COMMENTS = YES;
				CLANG_WARN_EMPTY_BODY = YES;
				CLANG_WARN_ENUM_CONVERSION = YES;
				CLANG_WARN_INFINITE_RECURSION = YES;
				CLANG_WARN_INT_CONVERSION = YES;
				CLANG_WARN_NON_LITERAL_NULL_CONVERSION = YES;
				CLANG_WARN_OBJC_IMPLICIT_RETAIN_SELF = YES;
				CLANG_WARN_OBJC_LITERAL_CONVERSION = YES;
				CLANG_WARN_OBJC_ROOT_CLASS = YES_ERROR;
				CLANG_WARN_QUOTED_INCLUDE_IN_FRAMEWORK_HEADER = YES;
				CLANG_WARN_RANGE_LOOP_ANALYSIS = YES;
				CLANG_WARN_STRICT_PROTOTYPES = YES;
				CLANG_WARN_SUSPICIOUS_MOVE = YES;
				CLANG_WARN_UNGUARDED_AVAILABILITY = YES_AGGRESSIVE;
				CLANG_WARN_UNREACHABLE_CODE = YES;
				CLANG_WARN__DUPLICATE_METHOD_MATCH = YES;
				COPY_PHASE_STRIP = NO;
				DEBUG_INFORMATION_FORMAT = dwarf;
				ENABLE_STRICT_OBJC_MSGSEND = YES;
				ENABLE_TESTABILITY = YES;
				GCC_C_LANGUAGE_STANDARD = gnu11;
				GCC_DYNAMIC_NO_PIC = NO;
				GCC_NO_COMMON_BLOCKS = YES;
				GCC_OPTIMIZATION_LEVEL = 0;
				GCC_PREPROCESSOR_DEFINITIONS = (
					"$(inherited)",
					"DEBUG=1",
				);
				GCC_WARN_64_TO_32_BIT_CONVERSION = YES;
				GCC_WARN_ABOUT_RETURN_TYPE = YES_ERROR;
				GCC_WARN_UNDECLARED_SELECTOR = YES;
				GCC_WARN_UNINITIALIZED_AUTOS = YES_AGGRESSIVE;
				GCC_WARN_UNUSED_FUNCTION = YES;
				GCC_WARN_UNUSED_VARIABLE = YES;
				IPHONEOS_DEPLOYMENT_TARGET = 16.0;
				MTL_ENABLE_DEBUG_INFO = INCLUDE_SOURCE;
				MTL_FAST_MATH = YES;
				ONLY_ACTIVE_ARCH = YES;
				PRODUCT_NAME = "$(TARGET_NAME)";
				SDKROOT = iphoneos;
				SWIFT_ACTIVE_COMPILATION_CONDITIONS = DEBUG;
				SWIFT_OPTIMIZATION_LEVEL = "-Onone";
				SWIFT_VERSION = 5.0;
			};
			name = Debug;
		};
		AC9E755F0B11E6F3F8715FD1 /* Release */ = {
			isa = XCBuildConfiguration;
			buildSettings = {
				ALWAYS_SEARCH_USER_PATHS = NO;
				CLANG_ANALYZER_NONNULL = YES;
				CLANG_ANALYZER_NUMBER_OBJECT_CONVERSION = YES_AGGRESSIVE;
				CLANG_CXX_LANGUAGE_STANDARD = "gnu++14";
				CLANG_CXX_LIBRARY = "libc++";
				CLANG_ENABLE_MODULES = YES;
				CLANG_ENABLE_OBJC_ARC = YES;
				CLANG_ENABLE_OBJC_WEAK = YES;
				CLANG_WARN_BLOCK_CAPTURE_AUTORELEASING = YES;
				CLANG_WARN_BOOL_CONVERSION = YES;
				CLANG_WARN_COMMA = YES;
				CLANG_WARN_CONSTANT_CONVERSION = YES;
				CLANG_WARN_DEPRECATED_OBJC_IMPLEMENTATIONS = YES;
				CLANG_WARN_DIRECT_OBJC_ISA_USAGE = YES_ERROR;
				CLANG_WARN_DOCUMENTATION_COMMENTS = YES;
				CLANG_WARN_EMPTY_BODY = YES;
				CLANG_WARN_ENUM_CONVERSION = YES;
				CLANG_WARN_INFINITE_RECURSION = YES;
				CLANG_WARN_INT_CONVERSION = YES;
				CLANG_WARN_NON_LITERAL_NULL_CONVERSION = YES;
				CLANG_WARN_OBJC_IMPLICIT_RETAIN_SELF = YES;
				CLANG_WARN_OBJC_LITERAL_CONVERSION = YES;
				CLANG_WARN_OBJC_ROOT_CLASS = YES_ERROR;
				CLANG_WARN_QUOTED_INCLUDE_IN_FRAMEWORK_HEADER = YES;
				CLANG_WARN_RANGE_LOOP_ANALYSIS = YES;
				CLANG_WARN_STRICT_PROTOTYPES = YES;
				CLANG_WARN_SUSPICIOUS_MOVE = YES;
				CLANG_WARN_UNGUARDED_AVAILABILITY = YES_AGGRESSIVE;
				CLANG_WARN_UNREACHABLE_CODE = YES;
				CLANG_WARN__DUPLICATE_METHOD_MATCH = YES;
				COPY_PHASE_STRIP = NO;
				DEBUG_INFORMATION_FORMAT = "dwarf-with-dsym";
				ENABLE_NS_ASSERTIONS = NO;
				ENABLE_STRICT_OBJC_MSGSEND = YES;
				GCC_C_LANGUAGE_STANDARD = gnu11;
				GCC_NO_COMMON_BLOCKS = YES;
				GCC_WARN_64_TO_32_BIT_CONVERSION = YES;
				GCC_WARN_ABOUT_RETURN_TYPE = YES_ERROR;
				GCC_WARN_UNDECLARED_SELECTOR = YES;
				GCC_WARN_UNINITIALIZED_AUTOS = YES_AGGRESSIVE;
				GCC_WARN_UNUSED_FUNCTION = YES;
				GCC_WARN_UNUSED_VARIABLE = YES;
				IPHONEOS_DEPLOYMENT_TARGET = 16.0;
				MTL_ENABLE_DEBUG_INFO = NO;
				MTL_FAST_MATH = YES;
				PRODUCT_NAME = "$(TARGET_NAME)";
				SDKROOT = iphoneos;
				SWIFT_COMPILATION_MODE = wholemodule;
				SWIFT_OPTIMIZATION_LEVEL = "-O";
				SWIFT_VERSION = 5.0;
			};
			name = Release;
		};
		C1F9E159D141DAB5736B0590 /* Release */ = {
			isa = XCBuildConfiguration;
			buildSettings = {
				ASSETCATALOG_COMPILER_APPICON_NAME = AppIcon;
				CODE_SIGN_IDENTITY = "iPhone Developer";
				DEVELOPMENT_TEAM = "";
				INFOPLIST_FILE = chatTest/Resources/Info.plist;
				IPHONEOS_DEPLOYMENT_TARGET = 16.0;
				LD_RUNPATH_SEARCH_PATHS = (
					"$(inherited)",
					"@executable_path/Frameworks",
				);
				PRODUCT_BUNDLE_IDENTIFIER = com.instakit.chatTest;
				PRODUCT_NAME = chatTest;
				SDKROOT = iphoneos;
				SWIFT_VERSION = 5.9;
				TARGETED_DEVICE_FAMILY = 1;
			};
			name = Release;
		};
/* End XCBuildConfiguration section */

/* Begin XCConfigurationList section */
		3DA59AA8A97A18FA725FE243 /* Build configuration list for PBXNativeTarget "chatTest" */ = {
			isa = XCConfigurationList;
			buildConfigurations = (
				5CF1A78D8E234365281F416A /* Debug */,
				C1F9E159D141DAB5736B0590 /* Release */,
			);
			defaultConfigurationIsVisible = 0;
			defaultConfigurationName = Debug;
		};
		C17368CC4D87541C85B4AA2D /* Build configuration list for PBXProject "chatTest" */ = {
			isa = XCConfigurationList;
			buildConfigurations = (
				65EFBFFF12071C0DBB69C536 /* Debug */,
				AC9E755F0B11E6F3F8715FD1 /* Release */,
			);
			defaultConfigurationIsVisible = 0;
			defaultConfigurationName = Debug;
		};
/* End XCConfigurationList section */

/* Begin XCRemoteSwiftPackageReference section */
		1B69B9B55B10C1C0E6AAF7E0 /* XCRemoteSwiftPackageReference "instachat-mobile-sdk" */ = {
			isa = XCRemoteSwiftPackageReference;
			repositoryURL = "https://github.com/MostafaEl-Sayed/instachat-mobile-sdk.git";
			requirement = {
				kind = upToNextMajorVersion;
				minimumVersion = 0.1.6;
			};
		};
/* End XCRemoteSwiftPackageReference section */

/* Begin XCSwiftPackageProductDependency section */
		38ED75B0235964F33D158873 /* InstaChatIOS */ = {
			isa = XCSwiftPackageProductDependency;
			package = 1B69B9B55B10C1C0E6AAF7E0 /* XCRemoteSwiftPackageReference "instachat-mobile-sdk" */;
			productName = InstaChatIOS;
		};
/* End XCSwiftPackageProductDependency section */
	};
	rootObject = 19DAEDCA3B062F07E808B916 /* Project object */;
}
